uuid: 59a7cb75-39fe-4799-8959-8416ac7f8911
langcode: en
status: true
dependencies:
  content:
    - 'block_content:basic:2dca5d31-4b3b-4477-a4c0-c24ec369d16f'
  module:
    - block_content
    - node
  theme:
    - bartik
id: customblock
theme: bartik
region: sidebar_first
weight: -8
provider: null
plugin: 'block_content:2dca5d31-4b3b-4477-a4c0-c24ec369d16f'
settings:
  id: 'block_content:2dca5d31-4b3b-4477-a4c0-c24ec369d16f'
  label: 'Custom block'
  provider: block_content
  label_display: visible
  status: true
  info: ''
  view_mode: full
visibility:
  node_type:
    id: node_type
    bundles:
      article: article
      page: page
    negate: false
    context_mapping:
      node: '@node.node_route_context:node'
